
Microsoft Visual Studio Solution File, Format Version 12.00
# Visual Studio Version 16
VisualStudioVersion = 16.0.33529.622
MinimumVisualStudioVersion = 10.0.40219.1
Project("{FAE04EC0-301F-11D3-BF4B-00C04F79EFBC}") = "ThreadpoolØvelse1-2", "ThreadpoolØvelse1\ThreadpoolØvelse1-2.csproj", "{7FBC86BF-0C8B-43EF-B404-3298D069EDB0}"
EndProject
Global
	GlobalSection(SolutionConfigurationPlatforms) = preSolution
		Debug|Any CPU = Debug|Any CPU
		Release|Any CPU = Release|Any CPU
	EndGlobalSection
	GlobalSection(ProjectConfigurationPlatforms) = postSolution
		{7FBC86BF-0C8B-43EF-B404-3298D069EDB0}.Debug|Any CPU.ActiveCfg = Debug|Any CPU
		{7FBC86BF-0C8B-43EF-B404-3298D069EDB0}.Debug|Any CPU.Build.0 = Debug|Any CPU
		{7FBC86BF-0C8B-43EF-B404-3298D069EDB0}.Release|Any CPU.ActiveCfg = Release|Any CPU
		{7FBC86BF-0C8B-43EF-B404-3298D069EDB0}.Release|Any CPU.Build.0 = Release|Any CPU
	EndGlobalSection
	GlobalSection(SolutionProperties) = preSolution
		HideSolutionNode = FALSE
	EndGlobalSection
	GlobalSection(ExtensibilityGlobals) = postSolution
		SolutionGuid = {630B1C30-A9B3-411B-8DE3-1775A00EA9A2}
	EndGlobalSection
EndGlobal
